# This file was autogenerated by Stack.
# You should not edit this file by hand.
# For more information, please see the documentation at:
#   https://docs.haskellstack.org/en/stable/lock_files

packages:
- completed:
    cabal-file:
      size: 3257
      sha256: d2802905557ebabe27f2146b0e4e7695998a8d5a170bfa5ab34a7a5ecc0148db
    name: limp
    version: 0.3.2.3
    git: https://github.com/amosr/limp.git
    pantry-tree:
      size: 2747
      sha256: 037eb43de05a562aa89af3a0085c61ca3ef362a3c9719ec842a42967ba2f13d9
    commit: eba0f4e3ca6b378a94848077026df5fb8e49bba4
  original:
    git: https://github.com/amosr/limp.git
    commit: eba0f4e3ca6b378a94848077026df5fb8e49bba4
snapshots:
- completed:
    size: 496112
    url: https://raw.githubusercontent.com/commercialhaskell/stackage-snapshots/master/lts/15/13.yaml
    sha256: 75a1a0f870e1876898b117b0e443f911b3fa2985bfabb53158c81ab5765beda5
  original: lts-15.13
